
Microsoft Visual Studio Solution File, Format Version 12.00
# Visual Studio 2013
VisualStudioVersion = 12.0.31101.0
MinimumVisualStudioVersion = 10.0.40219.1
Project("{FAE04EC0-301F-11D3-BF4B-00C04F79EFBC}") = "LocalDbSandbox", "LocalDbSandbox\LocalDbSandbox.csproj", "{89D8FF37-A6BB-4048-821E-AE752F8257FE}"
EndProject
Global
	GlobalSection(SolutionConfigurationPlatforms) = preSolution
		Debug|Any CPU = Debug|Any CPU
		Release|Any CPU = Release|Any CPU
	EndGlobalSection
	GlobalSection(ProjectConfigurationPlatforms) = postSolution
		{89D8FF37-A6BB-4048-821E-AE752F8257FE}.Debug|Any CPU.ActiveCfg = Debug|Any CPU
		{89D8FF37-A6BB-4048-821E-AE752F8257FE}.Debug|Any CPU.Build.0 = Debug|Any CPU
		{89D8FF37-A6BB-4048-821E-AE752F8257FE}.Release|Any CPU.ActiveCfg = Release|Any CPU
		{89D8FF37-A6BB-4048-821E-AE752F8257FE}.Release|Any CPU.Build.0 = Release|Any CPU
	EndGlobalSection
	GlobalSection(SolutionProperties) = preSolution
		HideSolutionNode = FALSE
	EndGlobalSection
EndGlobal
